// !$*UTF8*$!
{
	archiveVersion = 1;
	classes = {
	};
	objectVersion = 56;
	objects = {

/* Begin PBXBuildFile section */
		244696D02A7992E300165AB3 /* ExpenseTrackerApp.swift in Sources */ = {isa = PBXBuildFile; fileRef = 244696CF2A7992E300165AB3 /* ExpenseTrackerApp.swift */; };
		244696D42A7992E600165AB3 /* Assets.xcassets in Resources */ = {isa = PBXBuildFile; fileRef = 244696D32A7992E600165AB3 /* Assets.xcassets */; };
		244696D72A7992E600165AB3 /* Preview Assets.xcassets in Resources */ = {isa = PBXBuildFile; fileRef = 244696D62A7992E600165AB3 /* Preview Assets.xcassets */; };
		244696E12A7992E700165AB3 /* ExpenseTrackerTests.swift in Sources */ = {isa = PBXBuildFile; fileRef = 244696E02A7992E700165AB3 /* ExpenseTrackerTests.swift */; };
		244696EB2A7992E700165AB3 /* ExpenseTrackerUITests.swift in Sources */ = {isa = PBXBuildFile; fileRef = 244696EA2A7992E700165AB3 /* ExpenseTrackerUITests.swift */; };
		244696ED2A7992E700165AB3 /* ExpenseTrackerUITestsLaunchTests.swift in Sources */ = {isa = PBXBuildFile; fileRef = 244696EC2A7992E700165AB3 /* ExpenseTrackerUITestsLaunchTests.swift */; };
		2446971A2A79940A00165AB3 /* EditView.swift in Sources */ = {isa = PBXBuildFile; fileRef = 244696FF2A79940900165AB3 /* EditView.swift */; };
		2446971B2A79940A00165AB3 /* HomeViewModel.swift in Sources */ = {isa = PBXBuildFile; fileRef = 244697002A79940900165AB3 /* HomeViewModel.swift */; };
		2446971C2A79940A00165AB3 /* AmountTypeView.swift in Sources */ = {isa = PBXBuildFile; fileRef = 244697022A79940900165AB3 /* AmountTypeView.swift */; };
		2446971D2A79940A00165AB3 /* HomeView.swift in Sources */ = {isa = PBXBuildFile; fileRef = 244697042A79940900165AB3 /* HomeView.swift */; };
		2446971E2A79940A00165AB3 /* AddView.swift in Sources */ = {isa = PBXBuildFile; fileRef = 244697062A79940900165AB3 /* AddView.swift */; };
		2446971F2A79940A00165AB3 /* ExpenseListCellView.swift in Sources */ = {isa = PBXBuildFile; fileRef = 244697082A79940900165AB3 /* ExpenseListCellView.swift */; };
		244697202A79940A00165AB3 /* ExpenseTabView.swift in Sources */ = {isa = PBXBuildFile; fileRef = 2446970A2A79940900165AB3 /* ExpenseTabView.swift */; };
		244697212A79940A00165AB3 /* DataController.swift in Sources */ = {isa = PBXBuildFile; fileRef = 2446970C2A79940900165AB3 /* DataController.swift */; };
		244697222A79940A00165AB3 /* ActivityView.swift in Sources */ = {isa = PBXBuildFile; fileRef = 2446970F2A79940900165AB3 /* ActivityView.swift */; };
		244697232A79940A00165AB3 /* BarChartActivityView.swift in Sources */ = {isa = PBXBuildFile; fileRef = 244697112A79940900165AB3 /* BarChartActivityView.swift */; };
		244697242A79940A00165AB3 /* FormatStyle+Extension.swift in Sources */ = {isa = PBXBuildFile; fileRef = 244697132A79940900165AB3 /* FormatStyle+Extension.swift */; };
		244697252A79940A00165AB3 /* Date+Extensions.swift in Sources */ = {isa = PBXBuildFile; fileRef = 244697142A79940900165AB3 /* Date+Extensions.swift */; };
		244697262A79940A00165AB3 /* View+Extension.swift in Sources */ = {isa = PBXBuildFile; fileRef = 244697152A79940900165AB3 /* View+Extension.swift */; };
		244697272A79940A00165AB3 /* TypeOfAmount.swift in Sources */ = {isa = PBXBuildFile; fileRef = 244697172A79940A00165AB3 /* TypeOfAmount.swift */; };
		244697282A79940A00165AB3 /* ExpensesModel.xcdatamodeld in Sources */ = {isa = PBXBuildFile; fileRef = 244697182A79940A00165AB3 /* ExpensesModel.xcdatamodeld */; };
		2446972A2A79AD4E00165AB3 /* NoItemsPresent.json in Resources */ = {isa = PBXBuildFile; fileRef = 244697292A79AD4E00165AB3 /* NoItemsPresent.json */; };
		2446972D2A79AE2700165AB3 /* Lottie in Frameworks */ = {isa = PBXBuildFile; productRef = 2446972C2A79AE2700165AB3 /* Lottie */; };
		244697312A79B16B00165AB3 /* AddLottieView.swift in Sources */ = {isa = PBXBuildFile; fileRef = 244697302A79B16B00165AB3 /* AddLottieView.swift */; };
		244697332A79B4B600165AB3 /* SupportFiles.swift in Sources */ = {isa = PBXBuildFile; fileRef = 244697322A79B4B600165AB3 /* SupportFiles.swift */; };
		244697372A79C5AC00165AB3 /* NoDataFound.json in Resources */ = {isa = PBXBuildFile; fileRef = 244697362A79C5AC00165AB3 /* NoDataFound.json */; };
		244697392A79C66C00165AB3 /* UIColor+Extension.swift in Sources */ = {isa = PBXBuildFile; fileRef = 244697382A79C66C00165AB3 /* UIColor+Extension.swift */; };
		2446973B2A79F80C00165AB3 /* ActivityViewModel.swift in Sources */ = {isa = PBXBuildFile; fileRef = 2446973A2A79F80C00165AB3 /* ActivityViewModel.swift */; };
/* End PBXBuildFile section */

/* Begin PBXContainerItemProxy section */
		244696DD2A7992E700165AB3 /* PBXContainerItemProxy */ = {
			isa = PBXContainerItemProxy;
			containerPortal = 244696C42A7992E300165AB3 /* Project object */;
			proxyType = 1;
			remoteGlobalIDString = 244696CB2A7992E300165AB3;
			remoteInfo = ExpenseTracker;
		};
		244696E72A7992E700165AB3 /* PBXContainerItemProxy */ = {
			isa = PBXContainerItemProxy;
			containerPortal = 244696C42A7992E300165AB3 /* Project object */;
			proxyType = 1;
			remoteGlobalIDString = 244696CB2A7992E300165AB3;
			remoteInfo = ExpenseTracker;
		};
/* End PBXContainerItemProxy section */

/* Begin PBXFileReference section */
		244696CC2A7992E300165AB3 /* ExpenseTracker.app */ = {isa = PBXFileReference; explicitFileType = wrapper.application; includeInIndex = 0; path = ExpenseTracker.app; sourceTree = BUILT_PRODUCTS_DIR; };
		244696CF2A7992E300165AB3 /* ExpenseTrackerApp.swift */ = {isa = PBXFileReference; lastKnownFileType = sourcecode.swift; path = ExpenseTrackerApp.swift; sourceTree = "<group>"; };
		244696D32A7992E600165AB3 /* Assets.xcassets */ = {isa = PBXFileReference; lastKnownFileType = folder.assetcatalog; path = Assets.xcassets; sourceTree = "<group>"; };
		244696D62A7992E600165AB3 /* Preview Assets.xcassets */ = {isa = PBXFileReference; lastKnownFileType = folder.assetcatalog; path = "Preview Assets.xcassets"; sourceTree = "<group>"; };
		244696DC2A7992E700165AB3 /* ExpenseTrackerTests.xctest */ = {isa = PBXFileReference; explicitFileType = wrapper.cfbundle; includeInIndex = 0; path = ExpenseTrackerTests.xctest; sourceTree = BUILT_PRODUCTS_DIR; };
		244696E02A7992E700165AB3 /* ExpenseTrackerTests.swift */ = {isa = PBXFileReference; lastKnownFileType = sourcecode.swift; path = ExpenseTrackerTests.swift; sourceTree = "<group>"; };
		244696E62A7992E700165AB3 /* ExpenseTrackerUITests.xctest */ = {isa = PBXFileReference; explicitFileType = wrapper.cfbundle; includeInIndex = 0; path = ExpenseTrackerUITests.xctest; sourceTree = BUILT_PRODUCTS_DIR; };
		244696EA2A7992E700165AB3 /* ExpenseTrackerUITests.swift */ = {isa = PBXFileReference; lastKnownFileType = sourcecode.swift; path = ExpenseTrackerUITests.swift; sourceTree = "<group>"; };
		244696EC2A7992E700165AB3 /* ExpenseTrackerUITestsLaunchTests.swift */ = {isa = PBXFileReference; lastKnownFileType = sourcecode.swift; path = ExpenseTrackerUITestsLaunchTests.swift; sourceTree = "<group>"; };
		244696FF2A79940900165AB3 /* EditView.swift */ = {isa = PBXFileReference; fileEncoding = 4; lastKnownFileType = sourcecode.swift; path = EditView.swift; sourceTree = "<group>"; };
		244697002A79940900165AB3 /* HomeViewModel.swift */ = {isa = PBXFileReference; fileEncoding = 4; lastKnownFileType = sourcecode.swift; path = HomeViewModel.swift; sourceTree = "<group>"; };
		244697022A79940900165AB3 /* AmountTypeView.swift */ = {isa = PBXFileReference; fileEncoding = 4; lastKnownFileType = sourcecode.swift; path = AmountTypeView.swift; sourceTree = "<group>"; };
		244697042A79940900165AB3 /* HomeView.swift */ = {isa = PBXFileReference; fileEncoding = 4; lastKnownFileType = sourcecode.swift; path = HomeView.swift; sourceTree = "<group>"; };
		244697062A79940900165AB3 /* AddView.swift */ = {isa = PBXFileReference; fileEncoding = 4; lastKnownFileType = sourcecode.swift; path = AddView.swift; sourceTree = "<group>"; };
		244697082A79940900165AB3 /* ExpenseListCellView.swift */ = {isa = PBXFileReference; fileEncoding = 4; lastKnownFileType = sourcecode.swift; path = ExpenseListCellView.swift; sourceTree = "<group>"; };
		2446970A2A79940900165AB3 /* ExpenseTabView.swift */ = {isa = PBXFileReference; fileEncoding = 4; lastKnownFileType = sourcecode.swift; path = ExpenseTabView.swift; sourceTree = "<group>"; };
		2446970C2A79940900165AB3 /* DataController.swift */ = {isa = PBXFileReference; fileEncoding = 4; lastKnownFileType = sourcecode.swift; path = DataController.swift; sourceTree = "<group>"; };
		2446970F2A79940900165AB3 /* ActivityView.swift */ = {isa = PBXFileReference; fileEncoding = 4; lastKnownFileType = sourcecode.swift; path = ActivityView.swift; sourceTree = "<group>"; };
		244697112A79940900165AB3 /* BarChartActivityView.swift */ = {isa = PBXFileReference; fileEncoding = 4; lastKnownFileType = sourcecode.swift; path = BarChartActivityView.swift; sourceTree = "<group>"; };
		244697132A79940900165AB3 /* FormatStyle+Extension.swift */ = {isa = PBXFileReference; fileEncoding = 4; lastKnownFileType = sourcecode.swift; path = "FormatStyle+Extension.swift"; sourceTree = "<group>"; };
		244697142A79940900165AB3 /* Date+Extensions.swift */ = {isa = PBXFileReference; fileEncoding = 4; lastKnownFileType = sourcecode.swift; path = "Date+Extensions.swift"; sourceTree = "<group>"; };
		244697152A79940900165AB3 /* View+Extension.swift */ = {isa = PBXFileReference; fileEncoding = 4; lastKnownFileType = sourcecode.swift; path = "View+Extension.swift"; sourceTree = "<group>"; };
		244697172A79940A00165AB3 /* TypeOfAmount.swift */ = {isa = PBXFileReference; fileEncoding = 4; lastKnownFileType = sourcecode.swift; path = TypeOfAmount.swift; sourceTree = "<group>"; };
		244697192A79940A00165AB3 /* Expenses.xcdatamodel */ = {isa = PBXFileReference; lastKnownFileType = wrapper.xcdatamodel; path = Expenses.xcdatamodel; sourceTree = "<group>"; };
		244697292A79AD4E00165AB3 /* NoItemsPresent.json */ = {isa = PBXFileReference; fileEncoding = 4; lastKnownFileType = text.json; path = NoItemsPresent.json; sourceTree = "<group>"; };
		244697302A79B16B00165AB3 /* AddLottieView.swift */ = {isa = PBXFileReference; lastKnownFileType = sourcecode.swift; path = AddLottieView.swift; sourceTree = "<group>"; };
		244697322A79B4B600165AB3 /* SupportFiles.swift */ = {isa = PBXFileReference; lastKnownFileType = sourcecode.swift; path = SupportFiles.swift; sourceTree = "<group>"; };
		244697362A79C5AC00165AB3 /* NoDataFound.json */ = {isa = PBXFileReference; fileEncoding = 4; lastKnownFileType = text.json; path = NoDataFound.json; sourceTree = "<group>"; };
		244697382A79C66C00165AB3 /* UIColor+Extension.swift */ = {isa = PBXFileReference; lastKnownFileType = sourcecode.swift; path = "UIColor+Extension.swift"; sourceTree = "<group>"; };
		2446973A2A79F80C00165AB3 /* ActivityViewModel.swift */ = {isa = PBXFileReference; lastKnownFileType = sourcecode.swift; path = ActivityViewModel.swift; sourceTree = "<group>"; };
/* End PBXFileReference section */

/* Begin PBXFrameworksBuildPhase section */
		244696C92A7992E300165AB3 /* Frameworks */ = {
			isa = PBXFrameworksBuildPhase;
			buildActionMask = 2147483647;
			files = (
				2446972D2A79AE2700165AB3 /* Lottie in Frameworks */,
			);
			runOnlyForDeploymentPostprocessing = 0;
		};
		244696D92A7992E700165AB3 /* Frameworks */ = {
			isa = PBXFrameworksBuildPhase;
			buildActionMask = 2147483647;
			files = (
			);
			runOnlyForDeploymentPostprocessing = 0;
		};
		244696E32A7992E700165AB3 /* Frameworks */ = {
			isa = PBXFrameworksBuildPhase;
			buildActionMask = 2147483647;
			files = (
			);
			runOnlyForDeploymentPostprocessing = 0;
		};
/* End PBXFrameworksBuildPhase section */

/* Begin PBXGroup section */
		244696C32A7992E300165AB3 = {
			isa = PBXGroup;
			children = (
				244696CE2A7992E300165AB3 /* ExpenseTracker */,
				244696DF2A7992E700165AB3 /* ExpenseTrackerTests */,
				244696E92A7992E700165AB3 /* ExpenseTrackerUITests */,
				244696CD2A7992E300165AB3 /* Products */,
			);
			sourceTree = "<group>";
		};
		244696CD2A7992E300165AB3 /* Products */ = {
			isa = PBXGroup;
			children = (
				244696CC2A7992E300165AB3 /* ExpenseTracker.app */,
				244696DC2A7992E700165AB3 /* ExpenseTrackerTests.xctest */,
				244696E62A7992E700165AB3 /* ExpenseTrackerUITests.xctest */,
			);
			name = Products;
			sourceTree = "<group>";
		};
		244696CE2A7992E300165AB3 /* ExpenseTracker */ = {
			isa = PBXGroup;
			children = (
				2446973C2A79FC9000165AB3 /* ViewModel */,
				244696CF2A7992E300165AB3 /* ExpenseTrackerApp.swift */,
				244697092A79940900165AB3 /* ExpenseTabView */,
				244696FD2A79940900165AB3 /* Home */,
				2446970D2A79940900165AB3 /* Activity */,
				2446972F2A79B15400165AB3 /* Lottie */,
				244697162A79940A00165AB3 /* Model */,
				2446970B2A79940900165AB3 /* CoreDataController */,
				244697122A79940900165AB3 /* Extensions */,
				2446972E2A79AE6900165AB3 /* SupportingFiles */,
				244696D32A7992E600165AB3 /* Assets.xcassets */,
				244696D52A7992E600165AB3 /* Preview Content */,
			);
			path = ExpenseTracker;
			sourceTree = "<group>";
		};
		244696D52A7992E600165AB3 /* Preview Content */ = {
			isa = PBXGroup;
			children = (
				244696D62A7992E600165AB3 /* Preview Assets.xcassets */,
			);
			path = "Preview Content";
			sourceTree = "<group>";
		};
		244696DF2A7992E700165AB3 /* ExpenseTrackerTests */ = {
			isa = PBXGroup;
			children = (
				244696E02A7992E700165AB3 /* ExpenseTrackerTests.swift */,
			);
			path = ExpenseTrackerTests;
			sourceTree = "<group>";
		};
		244696E92A7992E700165AB3 /* ExpenseTrackerUITests */ = {
			isa = PBXGroup;
			children = (
				244696EA2A7992E700165AB3 /* ExpenseTrackerUITests.swift */,
				244696EC2A7992E700165AB3 /* ExpenseTrackerUITestsLaunchTests.swift */,
			);
			path = ExpenseTrackerUITests;
			sourceTree = "<group>";
		};
		244696FD2A79940900165AB3 /* Home */ = {
			isa = PBXGroup;
			children = (
				244697032A79940900165AB3 /* HomeView */,
				244696FE2A79940900165AB3 /* EditView */,
				244697012A79940900165AB3 /* CommonViews */,
				244697052A79940900165AB3 /* AddView */,
				244697072A79940900165AB3 /* ExpenseListCellView */,
			);
			path = Home;
			sourceTree = "<group>";
		};
		244696FE2A79940900165AB3 /* EditView */ = {
			isa = PBXGroup;
			children = (
				244696FF2A79940900165AB3 /* EditView.swift */,
			);
			path = EditView;
			sourceTree = "<group>";
		};
		244697012A79940900165AB3 /* CommonViews */ = {
			isa = PBXGroup;
			children = (
				244697022A79940900165AB3 /* AmountTypeView.swift */,
			);
			path = CommonViews;
			sourceTree = "<group>";
		};
		244697032A79940900165AB3 /* HomeView */ = {
			isa = PBXGroup;
			children = (
				244697042A79940900165AB3 /* HomeView.swift */,
			);
			path = HomeView;
			sourceTree = "<group>";
		};
		244697052A79940900165AB3 /* AddView */ = {
			isa = PBXGroup;
			children = (
				244697062A79940900165AB3 /* AddView.swift */,
			);
			path = AddView;
			sourceTree = "<group>";
		};
		244697072A79940900165AB3 /* ExpenseListCellView */ = {
			isa = PBXGroup;
			children = (
				244697082A79940900165AB3 /* ExpenseListCellView.swift */,
			);
			path = ExpenseListCellView;
			sourceTree = "<group>";
		};
		244697092A79940900165AB3 /* ExpenseTabView */ = {
			isa = PBXGroup;
			children = (
				2446970A2A79940900165AB3 /* ExpenseTabView.swift */,
			);
			path = ExpenseTabView;
			sourceTree = "<group>";
		};
		2446970B2A79940900165AB3 /* CoreDataController */ = {
			isa = PBXGroup;
			children = (
				2446970C2A79940900165AB3 /* DataController.swift */,
			);
			path = CoreDataController;
			sourceTree = "<group>";
		};
		2446970D2A79940900165AB3 /* Activity */ = {
			isa = PBXGroup;
			children = (
				2446970E2A79940900165AB3 /* ActivityView */,
				244697102A79940900165AB3 /* BarChartActivityView */,
			);
			path = Activity;
			sourceTree = "<group>";
		};
		2446970E2A79940900165AB3 /* ActivityView */ = {
			isa = PBXGroup;
			children = (
				2446970F2A79940900165AB3 /* ActivityView.swift */,
			);
			path = ActivityView;
			sourceTree = "<group>";
		};
		244697102A79940900165AB3 /* BarChartActivityView */ = {
			isa = PBXGroup;
			children = (
				244697112A79940900165AB3 /* BarChartActivityView.swift */,
			);
			path = BarChartActivityView;
			sourceTree = "<group>";
		};
		244697122A79940900165AB3 /* Extensions */ = {
			isa = PBXGroup;
			children = (
				244697132A79940900165AB3 /* FormatStyle+Extension.swift */,
				244697142A79940900165AB3 /* Date+Extensions.swift */,
				244697152A79940900165AB3 /* View+Extension.swift */,
				244697382A79C66C00165AB3 /* UIColor+Extension.swift */,
			);
			path = Extensions;
			sourceTree = "<group>";
		};
		244697162A79940A00165AB3 /* Model */ = {
			isa = PBXGroup;
			children = (
				244697322A79B4B600165AB3 /* SupportFiles.swift */,
				244697172A79940A00165AB3 /* TypeOfAmount.swift */,
				244697182A79940A00165AB3 /* ExpensesModel.xcdatamodeld */,
			);
			path = Model;
			sourceTree = "<group>";
		};
		2446972E2A79AE6900165AB3 /* SupportingFiles */ = {
			isa = PBXGroup;
			children = (
				244697362A79C5AC00165AB3 /* NoDataFound.json */,
				244697292A79AD4E00165AB3 /* NoItemsPresent.json */,
			);
			path = SupportingFiles;
			sourceTree = "<group>";
		};
		2446972F2A79B15400165AB3 /* Lottie */ = {
			isa = PBXGroup;
			children = (
				244697302A79B16B00165AB3 /* AddLottieView.swift */,
			);
			path = Lottie;
			sourceTree = "<group>";
		};
		2446973C2A79FC9000165AB3 /* ViewModel */ = {
			isa = PBXGroup;
			children = (
				244697002A79940900165AB3 /* HomeViewModel.swift */,
				2446973A2A79F80C00165AB3 /* ActivityViewModel.swift */,
			);
			path = ViewModel;
			sourceTree = "<group>";
		};
/* End PBXGroup section */

/* Begin PBXNativeTarget section */
		244696CB2A7992E300165AB3 /* ExpenseTracker */ = {
			isa = PBXNativeTarget;
			buildConfigurationList = 244696F02A7992E700165AB3 /* Build configuration list for PBXNativeTarget "ExpenseTracker" */;
			buildPhases = (
				244696C82A7992E300165AB3 /* Sources */,
				244696C92A7992E300165AB3 /* Frameworks */,
				244696CA2A7992E300165AB3 /* Resources */,
			);
			buildRules = (
			);
			dependencies = (
			);
			name = ExpenseTracker;
			packageProductDependencies = (
				2446972C2A79AE2700165AB3 /* Lottie */,
			);
			productName = ExpenseTracker;
			productReference = 244696CC2A7992E300165AB3 /* ExpenseTracker.app */;
			productType = "com.apple.product-type.application";
		};
		244696DB2A7992E700165AB3 /* ExpenseTrackerTests */ = {
			isa = PBXNativeTarget;
			buildConfigurationList = 244696F32A7992E700165AB3 /* Build configuration list for PBXNativeTarget "ExpenseTrackerTests" */;
			buildPhases = (
				244696D82A7992E700165AB3 /* Sources */,
				244696D92A7992E700165AB3 /* Frameworks */,
				244696DA2A7992E700165AB3 /* Resources */,
			);
			buildRules = (
			);
			dependencies = (
				244696DE2A7992E700165AB3 /* PBXTargetDependency */,
			);
			name = ExpenseTrackerTests;
			productName = ExpenseTrackerTests;
			productReference = 244696DC2A7992E700165AB3 /* ExpenseTrackerTests.xctest */;
			productType = "com.apple.product-type.bundle.unit-test";
		};
		244696E52A7992E700165AB3 /* ExpenseTrackerUITests */ = {
			isa = PBXNativeTarget;
			buildConfigurationList = 244696F62A7992E700165AB3 /* Build configuration list for PBXNativeTarget "ExpenseTrackerUITests" */;
			buildPhases = (
				244696E22A7992E700165AB3 /* Sources */,
				244696E32A7992E700165AB3 /* Frameworks */,
				244696E42A7992E700165AB3 /* Resources */,
			);
			buildRules = (
			);
			dependencies = (
				244696E82A7992E700165AB3 /* PBXTargetDependency */,
			);
			name = ExpenseTrackerUITests;
			productName = ExpenseTrackerUITests;
			productReference = 244696E62A7992E700165AB3 /* ExpenseTrackerUITests.xctest */;
			productType = "com.apple.product-type.bundle.ui-testing";
		};
/* End PBXNativeTarget section */

/* Begin PBXProject section */
		244696C42A7992E300165AB3 /* Project object */ = {
			isa = PBXProject;
			attributes = {
				BuildIndependentTargetsInParallel = 1;
				LastSwiftUpdateCheck = 1430;
				LastUpgradeCheck = 1430;
				TargetAttributes = {
					244696CB2A7992E300165AB3 = {
						CreatedOnToolsVersion = 14.3.1;
					};
					244696DB2A7992E700165AB3 = {
						CreatedOnToolsVersion = 14.3.1;
						TestTargetID = 244696CB2A7992E300165AB3;
					};
					244696E52A7992E700165AB3 = {
						CreatedOnToolsVersion = 14.3.1;
						TestTargetID = 244696CB2A7992E300165AB3;
					};
				};
			};
			buildConfigurationList = 244696C72A7992E300165AB3 /* Build configuration list for PBXProject "ExpenseTracker" */;
			compatibilityVersion = "Xcode 14.0";
			developmentRegion = en;
			hasScannedForEncodings = 0;
			knownRegions = (
				en,
				Base,
			);
			mainGroup = 244696C32A7992E300165AB3;
			packageReferences = (
				2446972B2A79AE2700165AB3 /* XCRemoteSwiftPackageReference "lottie-spm" */,
			);
			productRefGroup = 244696CD2A7992E300165AB3 /* Products */;
			projectDirPath = "";
			projectRoot = "";
			targets = (
				244696CB2A7992E300165AB3 /* ExpenseTracker */,
				244696DB2A7992E700165AB3 /* ExpenseTrackerTests */,
				244696E52A7992E700165AB3 /* ExpenseTrackerUITests */,
			);
		};
/* End PBXProject section */

/* Begin PBXResourcesBuildPhase section */
		244696CA2A7992E300165AB3 /* Resources */ = {
			isa = PBXResourcesBuildPhase;
			buildActionMask = 2147483647;
			files = (
				2446972A2A79AD4E00165AB3 /* NoItemsPresent.json in Resources */,
				244696D72A7992E600165AB3 /* Preview Assets.xcassets in Resources */,
				244696D42A7992E600165AB3 /* Assets.xcassets in Resources */,
				244697372A79C5AC00165AB3 /* NoDataFound.json in Resources */,
			);
			runOnlyForDeploymentPostprocessing = 0;
		};
		244696DA2A7992E700165AB3 /* Resources */ = {
			isa = PBXResourcesBuildPhase;
			buildActionMask = 2147483647;
			files = (
			);
			runOnlyForDeploymentPostprocessing = 0;
		};
		244696E42A7992E700165AB3 /* Resources */ = {
			isa = PBXResourcesBuildPhase;
			buildActionMask = 2147483647;
			files = (
			);
			runOnlyForDeploymentPostprocessing = 0;
		};
/* End PBXResourcesBuildPhase section */

/* Begin PBXSourcesBuildPhase section */
		244696C82A7992E300165AB3 /* Sources */ = {
			isa = PBXSourcesBuildPhase;
			buildActionMask = 2147483647;
			files = (
				2446971C2A79940A00165AB3 /* AmountTypeView.swift in Sources */,
				244697212A79940A00165AB3 /* DataController.swift in Sources */,
				2446973B2A79F80C00165AB3 /* ActivityViewModel.swift in Sources */,
				244697272A79940A00165AB3 /* TypeOfAmount.swift in Sources */,
				244697222A79940A00165AB3 /* ActivityView.swift in Sources */,
				244697262A79940A00165AB3 /* View+Extension.swift in Sources */,
				2446971E2A79940A00165AB3 /* AddView.swift in Sources */,
				244697242A79940A00165AB3 /* FormatStyle+Extension.swift in Sources */,
				2446971B2A79940A00165AB3 /* HomeViewModel.swift in Sources */,
				244697282A79940A00165AB3 /* ExpensesModel.xcdatamodeld in Sources */,
				2446971A2A79940A00165AB3 /* EditView.swift in Sources */,
				244697312A79B16B00165AB3 /* AddLottieView.swift in Sources */,
				244697252A79940A00165AB3 /* Date+Extensions.swift in Sources */,
				244697332A79B4B600165AB3 /* SupportFiles.swift in Sources */,
				244697202A79940A00165AB3 /* ExpenseTabView.swift in Sources */,
				2446971D2A79940A00165AB3 /* HomeView.swift in Sources */,
				244696D02A7992E300165AB3 /* ExpenseTrackerApp.swift in Sources */,
				244697232A79940A00165AB3 /* BarChartActivityView.swift in Sources */,
				2446971F2A79940A00165AB3 /* ExpenseListCellView.swift in Sources */,
				244697392A79C66C00165AB3 /* UIColor+Extension.swift in Sources */,
			);
			runOnlyForDeploymentPostprocessing = 0;
		};
		244696D82A7992E700165AB3 /* Sources */ = {
			isa = PBXSourcesBuildPhase;
			buildActionMask = 2147483647;
			files = (
				244696E12A7992E700165AB3 /* ExpenseTrackerTests.swift in Sources */,
			);
			runOnlyForDeploymentPostprocessing = 0;
		};
		244696E22A7992E700165AB3 /* Sources */ = {
			isa = PBXSourcesBuildPhase;
			buildActionMask = 2147483647;
			files = (
				244696ED2A7992E700165AB3 /* ExpenseTrackerUITestsLaunchTests.swift in Sources */,
				244696EB2A7992E700165AB3 /* ExpenseTrackerUITests.swift in Sources */,
			);
			runOnlyForDeploymentPostprocessing = 0;
		};
/* End PBXSourcesBuildPhase section */

/* Begin PBXTargetDependency section */
		244696DE2A7992E700165AB3 /* PBXTargetDependency */ = {
			isa = PBXTargetDependency;
			target = 244696CB2A7992E300165AB3 /* ExpenseTracker */;
			targetProxy = 244696DD2A7992E700165AB3 /* PBXContainerItemProxy */;
		};
		244696E82A7992E700165AB3 /* PBXTargetDependency */ = {
			isa = PBXTargetDependency;
			target = 244696CB2A7992E300165AB3 /* ExpenseTracker */;
			targetProxy = 244696E72A7992E700165AB3 /* PBXContainerItemProxy */;
		};
/* End PBXTargetDependency section */

/* Begin XCBuildConfiguration section */
		244696EE2A7992E700165AB3 /* Debug */ = {
			isa = XCBuildConfiguration;
			buildSettings = {
				ALWAYS_SEARCH_USER_PATHS = NO;
				CLANG_ANALYZER_NONNULL = YES;
				CLANG_ANALYZER_NUMBER_OBJECT_CONVERSION = YES_AGGRESSIVE;
				CLANG_CXX_LANGUAGE_STANDARD = "gnu++20";
				CLANG_ENABLE_MODULES = YES;
				CLANG_ENABLE_OBJC_ARC = YES;
				CLANG_ENABLE_OBJC_WEAK = YES;
				CLANG_WARN_BLOCK_CAPTURE_AUTORELEASING = YES;
				CLANG_WARN_BOOL_CONVERSION = YES;
				CLANG_WARN_COMMA = YES;
				CLANG_WARN_CONSTANT_CONVERSION = YES;
				CLANG_WARN_DEPRECATED_OBJC_IMPLEMENTATIONS = YES;
				CLANG_WARN_DIRECT_OBJC_ISA_USAGE = YES_ERROR;
				CLANG_WARN_DOCUMENTATION_COMMENTS = YES;
				CLANG_WARN_EMPTY_BODY = YES;
				CLANG_WARN_ENUM_CONVERSION = YES;
				CLANG_WARN_INFINITE_RECURSION = YES;
				CLANG_WARN_INT_CONVERSION = YES;
				CLANG_WARN_NON_LITERAL_NULL_CONVERSION = YES;
				CLANG_WARN_OBJC_IMPLICIT_RETAIN_SELF = YES;
				CLANG_WARN_OBJC_LITERAL_CONVERSION = YES;
				CLANG_WARN_OBJC_ROOT_CLASS = YES_ERROR;
				CLANG_WARN_QUOTED_INCLUDE_IN_FRAMEWORK_HEADER = YES;
				CLANG_WARN_RANGE_LOOP_ANALYSIS = YES;
				CLANG_WARN_STRICT_PROTOTYPES = YES;
				CLANG_WARN_SUSPICIOUS_MOVE = YES;
				CLANG_WARN_UNGUARDED_AVAILABILITY = YES_AGGRESSIVE;
				CLANG_WARN_UNREACHABLE_CODE = YES;
				CLANG_WARN__DUPLICATE_METHOD_MATCH = YES;
				COPY_PHASE_STRIP = NO;
				DEBUG_INFORMATION_FORMAT = dwarf;
				ENABLE_STRICT_OBJC_MSGSEND = YES;
				ENABLE_TESTABILITY = YES;
				GCC_C_LANGUAGE_STANDARD = gnu11;
				GCC_DYNAMIC_NO_PIC = NO;
				GCC_NO_COMMON_BLOCKS = YES;
				GCC_OPTIMIZATION_LEVEL = 0;
				GCC_PREPROCESSOR_DEFINITIONS = (
					"DEBUG=1",
					"$(inherited)",
				);
				GCC_WARN_64_TO_32_BIT_CONVERSION = YES;
				GCC_WARN_ABOUT_RETURN_TYPE = YES_ERROR;
				GCC_WARN_UNDECLARED_SELECTOR = YES;
				GCC_WARN_UNINITIALIZED_AUTOS = YES_AGGRESSIVE;
				GCC_WARN_UNUSED_FUNCTION = YES;
				GCC_WARN_UNUSED_VARIABLE = YES;
				IPHONEOS_DEPLOYMENT_TARGET = 16.4;
				MTL_ENABLE_DEBUG_INFO = INCLUDE_SOURCE;
				MTL_FAST_MATH = YES;
				ONLY_ACTIVE_ARCH = YES;
				SDKROOT = iphoneos;
				SWIFT_ACTIVE_COMPILATION_CONDITIONS = DEBUG;
				SWIFT_OPTIMIZATION_LEVEL = "-Onone";
			};
			name = Debug;
		};
		244696EF2A7992E700165AB3 /* Release */ = {
			isa = XCBuildConfiguration;
			buildSettings = {
				ALWAYS_SEARCH_USER_PATHS = NO;
				CLANG_ANALYZER_NONNULL = YES;
				CLANG_ANALYZER_NUMBER_OBJECT_CONVERSION = YES_AGGRESSIVE;
				CLANG_CXX_LANGUAGE_STANDARD = "gnu++20";
				CLANG_ENABLE_MODULES = YES;
				CLANG_ENABLE_OBJC_ARC = YES;
				CLANG_ENABLE_OBJC_WEAK = YES;
				CLANG_WARN_BLOCK_CAPTURE_AUTORELEASING = YES;
				CLANG_WARN_BOOL_CONVERSION = YES;
				CLANG_WARN_COMMA = YES;
				CLANG_WARN_CONSTANT_CONVERSION = YES;
				CLANG_WARN_DEPRECATED_OBJC_IMPLEMENTATIONS = YES;
				CLANG_WARN_DIRECT_OBJC_ISA_USAGE = YES_ERROR;
				CLANG_WARN_DOCUMENTATION_COMMENTS = YES;
				CLANG_WARN_EMPTY_BODY = YES;
				CLANG_WARN_ENUM_CONVERSION = YES;
				CLANG_WARN_INFINITE_RECURSION = YES;
				CLANG_WARN_INT_CONVERSION = YES;
				CLANG_WARN_NON_LITERAL_NULL_CONVERSION = YES;
				CLANG_WARN_OBJC_IMPLICIT_RETAIN_SELF = YES;
				CLANG_WARN_OBJC_LITERAL_CONVERSION = YES;
				CLANG_WARN_OBJC_ROOT_CLASS = YES_ERROR;
				CLANG_WARN_QUOTED_INCLUDE_IN_FRAMEWORK_HEADER = YES;
				CLANG_WARN_RANGE_LOOP_ANALYSIS = YES;
				CLANG_WARN_STRICT_PROTOTYPES = YES;
				CLANG_WARN_SUSPICIOUS_MOVE = YES;
				CLANG_WARN_UNGUARDED_AVAILABILITY = YES_AGGRESSIVE;
				CLANG_WARN_UNREACHABLE_CODE = YES;
				CLANG_WARN__DUPLICATE_METHOD_MATCH = YES;
				COPY_PHASE_STRIP = NO;
				DEBUG_INFORMATION_FORMAT = "dwarf-with-dsym";
				ENABLE_NS_ASSERTIONS = NO;
				ENABLE_STRICT_OBJC_MSGSEND = YES;
				GCC_C_LANGUAGE_STANDARD = gnu11;
				GCC_NO_COMMON_BLOCKS = YES;
				GCC_WARN_64_TO_32_BIT_CONVERSION = YES;
				GCC_WARN_ABOUT_RETURN_TYPE = YES_ERROR;
				GCC_WARN_UNDECLARED_SELECTOR = YES;
				GCC_WARN_UNINITIALIZED_AUTOS = YES_AGGRESSIVE;
				GCC_WARN_UNUSED_FUNCTION = YES;
				GCC_WARN_UNUSED_VARIABLE = YES;
				IPHONEOS_DEPLOYMENT_TARGET = 16.4;
				MTL_ENABLE_DEBUG_INFO = NO;
				MTL_FAST_MATH = YES;
				SDKROOT = iphoneos;
				SWIFT_COMPILATION_MODE = wholemodule;
				SWIFT_OPTIMIZATION_LEVEL = "-O";
				VALIDATE_PRODUCT = YES;
			};
			name = Release;
		};
		244696F12A7992E700165AB3 /* Debug */ = {
			isa = XCBuildConfiguration;
			buildSettings = {
				ASSETCATALOG_COMPILER_APPICON_NAME = AppIcon;
				ASSETCATALOG_COMPILER_GLOBAL_ACCENT_COLOR_NAME = AccentColor;
				CODE_SIGN_STYLE = Automatic;
				CURRENT_PROJECT_VERSION = 1;
				DEVELOPMENT_ASSET_PATHS = "\"ExpenseTracker/Preview Content\"";
				DEVELOPMENT_TEAM = DJ4HTA4RKP;
				ENABLE_PREVIEWS = YES;
				GENERATE_INFOPLIST_FILE = YES;
				INFOPLIST_KEY_UIApplicationSceneManifest_Generation = YES;
				INFOPLIST_KEY_UIApplicationSupportsIndirectInputEvents = YES;
				INFOPLIST_KEY_UILaunchScreen_Generation = YES;
				INFOPLIST_KEY_UISupportedInterfaceOrientations_iPad = "UIInterfaceOrientationPortrait UIInterfaceOrientationPortraitUpsideDown UIInterfaceOrientationLandscapeLeft UIInterfaceOrientationLandscapeRight";
				INFOPLIST_KEY_UISupportedInterfaceOrientations_iPhone = "UIInterfaceOrientationPortrait UIInterfaceOrientationLandscapeLeft UIInterfaceOrientationLandscapeRight";
				LD_RUNPATH_SEARCH_PATHS = (
					"$(inherited)",
					"@executable_path/Frameworks",
				);
				MARKETING_VERSION = 1.0;
				PRODUCT_BUNDLE_IDENTIFIER = "com.venki-nyamagoudar.ExpenseTracker";
				PRODUCT_NAME = "$(TARGET_NAME)";
				SWIFT_EMIT_LOC_STRINGS = YES;
				SWIFT_VERSION = 5.0;
				TARGETED_DEVICE_FAMILY = "1,2";
			};
			name = Debug;
		};
		244696F22A7992E700165AB3 /* Release */ = {
			isa = XCBuildConfiguration;
			buildSettings = {
				ASSETCATALOG_COMPILER_APPICON_NAME = AppIcon;
				ASSETCATALOG_COMPILER_GLOBAL_ACCENT_COLOR_NAME = AccentColor;
				CODE_SIGN_STYLE = Automatic;
				CURRENT_PROJECT_VERSION = 1;
				DEVELOPMENT_ASSET_PATHS = "\"ExpenseTracker/Preview Content\"";
				DEVELOPMENT_TEAM = DJ4HTA4RKP;
				ENABLE_PREVIEWS = YES;
				GENERATE_INFOPLIST_FILE = YES;
				INFOPLIST_KEY_UIApplicationSceneManifest_Generation = YES;
				INFOPLIST_KEY_UIApplicationSupportsIndirectInputEvents = YES;
				INFOPLIST_KEY_UILaunchScreen_Generation = YES;
				INFOPLIST_KEY_UISupportedInterfaceOrientations_iPad = "UIInterfaceOrientationPortrait UIInterfaceOrientationPortraitUpsideDown UIInterfaceOrientationLandscapeLeft UIInterfaceOrientationLandscapeRight";
				INFOPLIST_KEY_UISupportedInterfaceOrientations_iPhone = "UIInterfaceOrientationPortrait UIInterfaceOrientationLandscapeLeft UIInterfaceOrientationLandscapeRight";
				LD_RUNPATH_SEARCH_PATHS = (
					"$(inherited)",
					"@executable_path/Frameworks",
				);
				MARKETING_VERSION = 1.0;
				PRODUCT_BUNDLE_IDENTIFIER = "com.venki-nyamagoudar.ExpenseTracker";
				PRODUCT_NAME = "$(TARGET_NAME)";
				SWIFT_EMIT_LOC_STRINGS = YES;
				SWIFT_VERSION = 5.0;
				TARGETED_DEVICE_FAMILY = "1,2";
			};
			name = Release;
		};
		244696F42A7992E700165AB3 /* Debug */ = {
			isa = XCBuildConfiguration;
			buildSettings = {
				ALWAYS_EMBED_SWIFT_STANDARD_LIBRARIES = YES;
				BUNDLE_LOADER = "$(TEST_HOST)";
				CODE_SIGN_STYLE = Automatic;
				CURRENT_PROJECT_VERSION = 1;
				DEVELOPMENT_TEAM = DJ4HTA4RKP;
				GENERATE_INFOPLIST_FILE = YES;
				IPHONEOS_DEPLOYMENT_TARGET = 16.4;
				MARKETING_VERSION = 1.0;
				PRODUCT_BUNDLE_IDENTIFIER = "com.venki-nyamagoudar.ExpenseTrackerTests";
				PRODUCT_NAME = "$(TARGET_NAME)";
				SWIFT_EMIT_LOC_STRINGS = NO;
				SWIFT_VERSION = 5.0;
				TARGETED_DEVICE_FAMILY = "1,2";
				TEST_HOST = "$(BUILT_PRODUCTS_DIR)/ExpenseTracker.app/$(BUNDLE_EXECUTABLE_FOLDER_PATH)/ExpenseTracker";
			};
			name = Debug;
		};
		244696F52A7992E700165AB3 /* Release */ = {
			isa = XCBuildConfiguration;
			buildSettings = {
				ALWAYS_EMBED_SWIFT_STANDARD_LIBRARIES = YES;
				BUNDLE_LOADER = "$(TEST_HOST)";
				CODE_SIGN_STYLE = Automatic;
				CURRENT_PROJECT_VERSION = 1;
				DEVELOPMENT_TEAM = DJ4HTA4RKP;
				GENERATE_INFOPLIST_FILE = YES;
				IPHONEOS_DEPLOYMENT_TARGET = 16.4;
				MARKETING_VERSION = 1.0;
				PRODUCT_BUNDLE_IDENTIFIER = "com.venki-nyamagoudar.ExpenseTrackerTests";
				PRODUCT_NAME = "$(TARGET_NAME)";
				SWIFT_EMIT_LOC_STRINGS = NO;
				SWIFT_VERSION = 5.0;
				TARGETED_DEVICE_FAMILY = "1,2";
				TEST_HOST = "$(BUILT_PRODUCTS_DIR)/ExpenseTracker.app/$(BUNDLE_EXECUTABLE_FOLDER_PATH)/ExpenseTracker";
			};
			name = Release;
		};
		244696F72A7992E700165AB3 /* Debug */ = {
			isa = XCBuildConfiguration;
			buildSettings = {
				ALWAYS_EMBED_SWIFT_STANDARD_LIBRARIES = YES;
				CODE_SIGN_STYLE = Automatic;
				CURRENT_PROJECT_VERSION = 1;
				DEVELOPMENT_TEAM = DJ4HTA4RKP;
				GENERATE_INFOPLIST_FILE = YES;
				MARKETING_VERSION = 1.0;
				PRODUCT_BUNDLE_IDENTIFIER = "com.venki-nyamagoudar.ExpenseTrackerUITests";
				PRODUCT_NAME = "$(TARGET_NAME)";
				SWIFT_EMIT_LOC_STRINGS = NO;
				SWIFT_VERSION = 5.0;
				TARGETED_DEVICE_FAMILY = "1,2";
				TEST_TARGET_NAME = ExpenseTracker;
			};
			name = Debug;
		};
		244696F82A7992E700165AB3 /* Release */ = {
			isa = XCBuildConfiguration;
			buildSettings = {
				ALWAYS_EMBED_SWIFT_STANDARD_LIBRARIES = YES;
				CODE_SIGN_STYLE = Automatic;
				CURRENT_PROJECT_VERSION = 1;
				DEVELOPMENT_TEAM = DJ4HTA4RKP;
				GENERATE_INFOPLIST_FILE = YES;
				MARKETING_VERSION = 1.0;
				PRODUCT_BUNDLE_IDENTIFIER = "com.venki-nyamagoudar.ExpenseTrackerUITests";
				PRODUCT_NAME = "$(TARGET_NAME)";
				SWIFT_EMIT_LOC_STRINGS = NO;
				SWIFT_VERSION = 5.0;
				TARGETED_DEVICE_FAMILY = "1,2";
				TEST_TARGET_NAME = ExpenseTracker;
			};
			name = Release;
		};
/* End XCBuildConfiguration section */

/* Begin XCConfigurationList section */
		244696C72A7992E300165AB3 /* Build configuration list for PBXProject "ExpenseTracker" */ = {
			isa = XCConfigurationList;
			buildConfigurations = (
				244696EE2A7992E700165AB3 /* Debug */,
				244696EF2A7992E700165AB3 /* Release */,
			);
			defaultConfigurationIsVisible = 0;
			defaultConfigurationName = Release;
		};
		244696F02A7992E700165AB3 /* Build configuration list for PBXNativeTarget "ExpenseTracker" */ = {
			isa = XCConfigurationList;
			buildConfigurations = (
				244696F12A7992E700165AB3 /* Debug */,
				244696F22A7992E700165AB3 /* Release */,
			);
			defaultConfigurationIsVisible = 0;
			defaultConfigurationName = Release;
		};
		244696F32A7992E700165AB3 /* Build configuration list for PBXNativeTarget "ExpenseTrackerTests" */ = {
			isa = XCConfigurationList;
			buildConfigurations = (
				244696F42A7992E700165AB3 /* Debug */,
				244696F52A7992E700165AB3 /* Release */,
			);
			defaultConfigurationIsVisible = 0;
			defaultConfigurationName = Release;
		};
		244696F62A7992E700165AB3 /* Build configuration list for PBXNativeTarget "ExpenseTrackerUITests" */ = {
			isa = XCConfigurationList;
			buildConfigurations = (
				244696F72A7992E700165AB3 /* Debug */,
				244696F82A7992E700165AB3 /* Release */,
			);
			defaultConfigurationIsVisible = 0;
			defaultConfigurationName = Release;
		};
/* End XCConfigurationList section */

/* Begin XCRemoteSwiftPackageReference section */
		2446972B2A79AE2700165AB3 /* XCRemoteSwiftPackageReference "lottie-spm" */ = {
			isa = XCRemoteSwiftPackageReference;
			repositoryURL = "https://github.com/airbnb/lottie-spm.git";
			requirement = {
				kind = upToNextMajorVersion;
				minimumVersion = 4.0.0;
			};
		};
/* End XCRemoteSwiftPackageReference section */

/* Begin XCSwiftPackageProductDependency section */
		2446972C2A79AE2700165AB3 /* Lottie */ = {
			isa = XCSwiftPackageProductDependency;
			package = 2446972B2A79AE2700165AB3 /* XCRemoteSwiftPackageReference "lottie-spm" */;
			productName = Lottie;
		};
/* End XCSwiftPackageProductDependency section */

/* Begin XCVersionGroup section */
		244697182A79940A00165AB3 /* ExpensesModel.xcdatamodeld */ = {
			isa = XCVersionGroup;
			children = (
				244697192A79940A00165AB3 /* Expenses.xcdatamodel */,
			);
			currentVersion = 244697192A79940A00165AB3 /* Expenses.xcdatamodel */;
			path = ExpensesModel.xcdatamodeld;
			sourceTree = "<group>";
			versionGroupType = wrapper.xcdatamodel;
		};
/* End XCVersionGroup section */
	};
	rootObject = 244696C42A7992E300165AB3 /* Project object */;
}
